
Microsoft Visual Studio Solution File, Format Version 12.00
# Visual Studio Version 17
VisualStudioVersion = 17.8.34330.188
MinimumVisualStudioVersion = 10.0.40219.1
Project("{9A19103F-16F7-4668-BE54-9A1E7A4F7556}") = "Calisma", "Calisma\Calisma.csproj", "{AB37EA10-62A7-4589-AA92-7161CA034EA2}"
EndProject
Project("{9A19103F-16F7-4668-BE54-9A1E7A4F7556}") = "RefandOut", "DegerVeReferansTipler\RefandOut.csproj", "{7B37B041-0980-42EC-B434-B28B423E2382}"
EndProject
Global
	GlobalSection(SolutionConfigurationPlatforms) = preSolution
		Debug|Any CPU = Debug|Any CPU
		Release|Any CPU = Release|Any CPU
	EndGlobalSection
	GlobalSection(ProjectConfigurationPlatforms) = postSolution
		{AB37EA10-62A7-4589-AA92-7161CA034EA2}.Debug|Any CPU.ActiveCfg = Debug|Any CPU
		{AB37EA10-62A7-4589-AA92-7161CA034EA2}.Debug|Any CPU.Build.0 = Debug|Any CPU
		{AB37EA10-62A7-4589-AA92-7161CA034EA2}.Release|Any CPU.ActiveCfg = Release|Any CPU
		{AB37EA10-62A7-4589-AA92-7161CA034EA2}.Release|Any CPU.Build.0 = Release|Any CPU
		{7B37B041-0980-42EC-B434-B28B423E2382}.Debug|Any CPU.ActiveCfg = Debug|Any CPU
		{7B37B041-0980-42EC-B434-B28B423E2382}.Debug|Any CPU.Build.0 = Debug|Any CPU
		{7B37B041-0980-42EC-B434-B28B423E2382}.Release|Any CPU.ActiveCfg = Release|Any CPU
		{7B37B041-0980-42EC-B434-B28B423E2382}.Release|Any CPU.Build.0 = Release|Any CPU
	EndGlobalSection
	GlobalSection(SolutionProperties) = preSolution
		HideSolutionNode = FALSE
	EndGlobalSection
	GlobalSection(ExtensibilityGlobals) = postSolution
		SolutionGuid = {78F5837E-FCE9-479A-B8F9-3ADAD93CFA95}
	EndGlobalSection
EndGlobal
